<?xml version="1.0" encoding="utf-8"?>
<Project ToolsVersion="4.0" xmlns="http://schemas.microsoft.com/developer/msbuild/2003">
  <ItemGroup>
    <Filter Include="Исходные файлы">
      <UniqueIdentifier>{4FC737F1-C7A5-4376-A066-2A32D752A2FF}</UniqueIdentifier>
      <Extensions>cpp;c;cc;cxx;c++;cppm;ixx;def;odl;idl;hpj;bat;asm;asmx</Extensions>
    </Filter>
    <Filter Include="Файлы заголовков">
      <UniqueIdentifier>{93995380-89BD-4b04-88EB-625FBE52EBFB}</UniqueIdentifier>
      <Extensions>h;hh;hpp;hxx;h++;hm;inl;inc;ipp;xsd</Extensions>
    </Filter>
    <Filter Include="Файлы ресурсов">
      <UniqueIdentifier>{67DA6AB6-F800-4c08-8B7A-83BB121AAD01}</UniqueIdentifier>
      <Extensions>rc;ico;cur;bmp;dlg;rc2;rct;bin;rgs;gif;jpg;jpeg;jpe;resx;tiff;tif;png;wav;mfcribbon-ms</Extensions>
    </Filter>
    <Filter Include="Файлы заголовков\SDK">
      <UniqueIdentifier>{136d5cd7-488d-4550-8fd8-7a3619ee9a00}</UniqueIdentifier>
    </Filter>
    <Filter Include="Файлы заголовков\SDK\TinyXML">
      <UniqueIdentifier>{888c6918-b8b8-47b3-b461-f74870ab051e}</UniqueIdentifier>
    </Filter>
  </ItemGroup>
  <ItemGroup>
    <ClInclude Include="resource.h">
      <Filter>Файлы заголовков</Filter>
    </ClInclude>
    <ClInclude Include="..\..\json\single_include\nlohmann\json.hpp">
      <Filter>Файлы заголовков</Filter>
    </ClInclude>
  </ItemGroup>
  <ItemGroup>
    <ResourceCompile Include="Project2.rc">
      <Filter>Файлы ресурсов</Filter>
    </ResourceCompile>
  </ItemGroup>
  <ItemGroup>
    <Image Include="Icons\rat-looking-right.ico">
      <Filter>Файлы ресурсов</Filter>
    </Image>
  </ItemGroup>
  <ItemGroup>
    <ClCompile Include="Source.cpp">
      <Filter>Исходные файлы</Filter>
    </ClCompile>
    <ClCompile Include="SDK\Animation.cpp">
      <Filter>Файлы заголовков\SDK</Filter>
    </ClCompile>
    <ClCompile Include="SDK\Button.cpp">
      <Filter>Файлы заголовков\SDK</Filter>
    </ClCompile>
    <ClCompile Include="SDK\Collider.cpp">
      <Filter>Файлы заголовков\SDK</Filter>
    </ClCompile>
    <ClCompile Include="SDK\Level.cpp">
      <Filter>Файлы заголовков\SDK</Filter>
    </ClCompile>
    <ClCompile Include="SDK\Object.cpp">
      <Filter>Файлы заголовков\SDK</Filter>
    </ClCompile>
    <ClCompile Include="SDK\Player.cpp">
      <Filter>Файлы заголовков\SDK</Filter>
    </ClCompile>
    <ClCompile Include="SDK\TileMap.cpp">
      <Filter>Файлы заголовков\SDK</Filter>
    </ClCompile>
    <ClCompile Include="SDK\tinystr.cpp">
      <Filter>Файлы заголовков\SDK\TinyXML</Filter>
    </ClCompile>
    <ClCompile Include="SDK\tinyxml.cpp">
      <Filter>Файлы заголовков\SDK\TinyXML</Filter>
    </ClCompile>
    <ClCompile Include="SDK\tinyxmlerror.cpp">
      <Filter>Файлы заголовков\SDK\TinyXML</Filter>
    </ClCompile>
    <ClCompile Include="SDK\tinyxmlparser.cpp">
      <Filter>Файлы заголовков\SDK\TinyXML</Filter>
    </ClCompile>
    <ClCompile Include="SDK\InteractiveArray.cpp">
      <Filter>Файлы заголовков\SDK</Filter>
    </ClCompile>
  </ItemGroup>
</Project>